
Microsoft Visual Studio Solution File, Format Version 12.00
# Visual Studio Version 16
VisualStudioVersion = 16.0.30114.105
MinimumVisualStudioVersion = 10.0.40219.1
Project("{FAE04EC0-301F-11D3-BF4B-00C04F79EFBC}") = "HappyBday.Application", "HappyBday.Application\HappyBday.Application.csproj", "{73ADE812-93DA-4F74-986D-35C333AD1BA2}"
EndProject
Project("{FAE04EC0-301F-11D3-BF4B-00C04F79EFBC}") = "HappyBday.Domain", "HappyBday.Domain\HappyBday.Domain.csproj", "{5C312D12-ACA8-4CEF-AEA9-CD809CF0E4DB}"
EndProject
Project("{FAE04EC0-301F-11D3-BF4B-00C04F79EFBC}") = "HappyBday.API", "HappyBday.API\HappyBday.API.csproj", "{7A602E94-3CFB-4857-8E49-BE955BE47D8B}"
EndProject
Project("{FAE04EC0-301F-11D3-BF4B-00C04F79EFBC}") = "HappyBday.Persistence", "HappyBday.Persistence\HappyBday.Persistence.csproj", "{14E36E1A-24F8-4AD0-ACBC-37FEF3BF47A0}"
EndProject
Global
	GlobalSection(SolutionConfigurationPlatforms) = preSolution
		Debug|Any CPU = Debug|Any CPU
		Debug|x64 = Debug|x64
		Debug|x86 = Debug|x86
		Release|Any CPU = Release|Any CPU
		Release|x64 = Release|x64
		Release|x86 = Release|x86
	EndGlobalSection
	GlobalSection(SolutionProperties) = preSolution
		HideSolutionNode = FALSE
	EndGlobalSection
	GlobalSection(ProjectConfigurationPlatforms) = postSolution
		{73ADE812-93DA-4F74-986D-35C333AD1BA2}.Debug|Any CPU.ActiveCfg = Debug|Any CPU
		{73ADE812-93DA-4F74-986D-35C333AD1BA2}.Debug|Any CPU.Build.0 = Debug|Any CPU
		{73ADE812-93DA-4F74-986D-35C333AD1BA2}.Debug|x64.ActiveCfg = Debug|Any CPU
		{73ADE812-93DA-4F74-986D-35C333AD1BA2}.Debug|x64.Build.0 = Debug|Any CPU
		{73ADE812-93DA-4F74-986D-35C333AD1BA2}.Debug|x86.ActiveCfg = Debug|Any CPU
		{73ADE812-93DA-4F74-986D-35C333AD1BA2}.Debug|x86.Build.0 = Debug|Any CPU
		{73ADE812-93DA-4F74-986D-35C333AD1BA2}.Release|Any CPU.ActiveCfg = Release|Any CPU
		{73ADE812-93DA-4F74-986D-35C333AD1BA2}.Release|Any CPU.Build.0 = Release|Any CPU
		{73ADE812-93DA-4F74-986D-35C333AD1BA2}.Release|x64.ActiveCfg = Release|Any CPU
		{73ADE812-93DA-4F74-986D-35C333AD1BA2}.Release|x64.Build.0 = Release|Any CPU
		{73ADE812-93DA-4F74-986D-35C333AD1BA2}.Release|x86.ActiveCfg = Release|Any CPU
		{73ADE812-93DA-4F74-986D-35C333AD1BA2}.Release|x86.Build.0 = Release|Any CPU
		{5C312D12-ACA8-4CEF-AEA9-CD809CF0E4DB}.Debug|Any CPU.ActiveCfg = Debug|Any CPU
		{5C312D12-ACA8-4CEF-AEA9-CD809CF0E4DB}.Debug|Any CPU.Build.0 = Debug|Any CPU
		{5C312D12-ACA8-4CEF-AEA9-CD809CF0E4DB}.Debug|x64.ActiveCfg = Debug|Any CPU
		{5C312D12-ACA8-4CEF-AEA9-CD809CF0E4DB}.Debug|x64.Build.0 = Debug|Any CPU
		{5C312D12-ACA8-4CEF-AEA9-CD809CF0E4DB}.Debug|x86.ActiveCfg = Debug|Any CPU
		{5C312D12-ACA8-4CEF-AEA9-CD809CF0E4DB}.Debug|x86.Build.0 = Debug|Any CPU
		{5C312D12-ACA8-4CEF-AEA9-CD809CF0E4DB}.Release|Any CPU.ActiveCfg = Release|Any CPU
		{5C312D12-ACA8-4CEF-AEA9-CD809CF0E4DB}.Release|Any CPU.Build.0 = Release|Any CPU
		{5C312D12-ACA8-4CEF-AEA9-CD809CF0E4DB}.Release|x64.ActiveCfg = Release|Any CPU
		{5C312D12-ACA8-4CEF-AEA9-CD809CF0E4DB}.Release|x64.Build.0 = Release|Any CPU
		{5C312D12-ACA8-4CEF-AEA9-CD809CF0E4DB}.Release|x86.ActiveCfg = Release|Any CPU
		{5C312D12-ACA8-4CEF-AEA9-CD809CF0E4DB}.Release|x86.Build.0 = Release|Any CPU
		{7A602E94-3CFB-4857-8E49-BE955BE47D8B}.Debug|Any CPU.ActiveCfg = Debug|Any CPU
		{7A602E94-3CFB-4857-8E49-BE955BE47D8B}.Debug|Any CPU.Build.0 = Debug|Any CPU
		{7A602E94-3CFB-4857-8E49-BE955BE47D8B}.Debug|x64.ActiveCfg = Debug|Any CPU
		{7A602E94-3CFB-4857-8E49-BE955BE47D8B}.Debug|x64.Build.0 = Debug|Any CPU
		{7A602E94-3CFB-4857-8E49-BE955BE47D8B}.Debug|x86.ActiveCfg = Debug|Any CPU
		{7A602E94-3CFB-4857-8E49-BE955BE47D8B}.Debug|x86.Build.0 = Debug|Any CPU
		{7A602E94-3CFB-4857-8E49-BE955BE47D8B}.Release|Any CPU.ActiveCfg = Release|Any CPU
		{7A602E94-3CFB-4857-8E49-BE955BE47D8B}.Release|Any CPU.Build.0 = Release|Any CPU
		{7A602E94-3CFB-4857-8E49-BE955BE47D8B}.Release|x64.ActiveCfg = Release|Any CPU
		{7A602E94-3CFB-4857-8E49-BE955BE47D8B}.Release|x64.Build.0 = Release|Any CPU
		{7A602E94-3CFB-4857-8E49-BE955BE47D8B}.Release|x86.ActiveCfg = Release|Any CPU
		{7A602E94-3CFB-4857-8E49-BE955BE47D8B}.Release|x86.Build.0 = Release|Any CPU
		{14E36E1A-24F8-4AD0-ACBC-37FEF3BF47A0}.Debug|Any CPU.ActiveCfg = Debug|Any CPU
		{14E36E1A-24F8-4AD0-ACBC-37FEF3BF47A0}.Debug|Any CPU.Build.0 = Debug|Any CPU
		{14E36E1A-24F8-4AD0-ACBC-37FEF3BF47A0}.Debug|x64.ActiveCfg = Debug|Any CPU
		{14E36E1A-24F8-4AD0-ACBC-37FEF3BF47A0}.Debug|x64.Build.0 = Debug|Any CPU
		{14E36E1A-24F8-4AD0-ACBC-37FEF3BF47A0}.Debug|x86.ActiveCfg = Debug|Any CPU
		{14E36E1A-24F8-4AD0-ACBC-37FEF3BF47A0}.Debug|x86.Build.0 = Debug|Any CPU
		{14E36E1A-24F8-4AD0-ACBC-37FEF3BF47A0}.Release|Any CPU.ActiveCfg = Release|Any CPU
		{14E36E1A-24F8-4AD0-ACBC-37FEF3BF47A0}.Release|Any CPU.Build.0 = Release|Any CPU
		{14E36E1A-24F8-4AD0-ACBC-37FEF3BF47A0}.Release|x64.ActiveCfg = Release|Any CPU
		{14E36E1A-24F8-4AD0-ACBC-37FEF3BF47A0}.Release|x64.Build.0 = Release|Any CPU
		{14E36E1A-24F8-4AD0-ACBC-37FEF3BF47A0}.Release|x86.ActiveCfg = Release|Any CPU
		{14E36E1A-24F8-4AD0-ACBC-37FEF3BF47A0}.Release|x86.Build.0 = Release|Any CPU
	EndGlobalSection
EndGlobal
